
Microsoft Visual Studio Solution File, Format Version 12.00
# Visual Studio Version 17
VisualStudioVersion = 17.9.34902.65
MinimumVisualStudioVersion = 10.0.40219.1
Project("{9A19103F-16F7-4668-BE54-9A1E7A4F7556}") = "ChatEvaluator", "ChatEvaluator\ChatEvaluator.csproj", "{EA097ECB-1317-4BBC-AFFD-8D126810C4F3}"
EndProject
Project("{2150E333-8FDC-42A3-9474-1A3956D46DE8}") = "Data Layer", "Data Layer", "{A9CDCA5F-3A4E-4E6D-A9CF-08E5FA210407}"
EndProject
Project("{9A19103F-16F7-4668-BE54-9A1E7A4F7556}") = "DAL", "DAL\DAL.csproj", "{20F3DE3A-655E-414F-9659-903BFC932DA7}"
EndProject
Project("{2150E333-8FDC-42A3-9474-1A3956D46DE8}") = "Business Layer", "Business Layer", "{EC5EC579-3DF9-49C2-AF3E-D618F902316A}"
EndProject
Project("{9A19103F-16F7-4668-BE54-9A1E7A4F7556}") = "BAL", "BAL\BAL.csproj", "{C58123A7-23A2-431F-9A57-59B03A1112CC}"
EndProject
Project("{2150E333-8FDC-42A3-9474-1A3956D46DE8}") = "SharedObject", "SharedObject", "{19974D7E-447A-4989-AAD2-F65E1F12912B}"
EndProject
Project("{9A19103F-16F7-4668-BE54-9A1E7A4F7556}") = "SharedObject", "SharedObject\SharedObject.csproj", "{0ED660F8-9E01-405E-AE16-588F7D9399B4}"
EndProject
Project("{E24C65DC-7377-472B-9ABA-BC803B73C61A}") = "FrontEnd", "FrontEnd\FrontEnd\", "{F6069C26-D021-41AE-ABF0-5D4F988630CB}"
	ProjectSection(WebsiteProperties) = preProject
		TargetFrameworkMoniker = ".NETFramework,Version%3Dv4.0"
		Debug.AspNetCompiler.VirtualPath = "/localhost_63452"
		Debug.AspNetCompiler.PhysicalPath = "FrontEnd\FrontEnd\"
		Debug.AspNetCompiler.TargetPath = "PrecompiledWeb\localhost_63452\"
		Debug.AspNetCompiler.Updateable = "true"
		Debug.AspNetCompiler.ForceOverwrite = "true"
		Debug.AspNetCompiler.FixedNames = "false"
		Debug.AspNetCompiler.Debug = "True"
		Release.AspNetCompiler.VirtualPath = "/localhost_63452"
		Release.AspNetCompiler.PhysicalPath = "FrontEnd\FrontEnd\"
		Release.AspNetCompiler.TargetPath = "PrecompiledWeb\localhost_63452\"
		Release.AspNetCompiler.Updateable = "true"
		Release.AspNetCompiler.ForceOverwrite = "true"
		Release.AspNetCompiler.FixedNames = "false"
		Release.AspNetCompiler.Debug = "False"
		VWDPort = "63452"
		SlnRelativePath = "FrontEnd\FrontEnd\"
	EndProjectSection
EndProject
Global
	GlobalSection(SolutionConfigurationPlatforms) = preSolution
		Debug|Any CPU = Debug|Any CPU
		Release|Any CPU = Release|Any CPU
	EndGlobalSection
	GlobalSection(ProjectConfigurationPlatforms) = postSolution
		{EA097ECB-1317-4BBC-AFFD-8D126810C4F3}.Debug|Any CPU.ActiveCfg = Debug|Any CPU
		{EA097ECB-1317-4BBC-AFFD-8D126810C4F3}.Debug|Any CPU.Build.0 = Debug|Any CPU
		{EA097ECB-1317-4BBC-AFFD-8D126810C4F3}.Release|Any CPU.ActiveCfg = Release|Any CPU
		{EA097ECB-1317-4BBC-AFFD-8D126810C4F3}.Release|Any CPU.Build.0 = Release|Any CPU
		{20F3DE3A-655E-414F-9659-903BFC932DA7}.Debug|Any CPU.ActiveCfg = Debug|Any CPU
		{20F3DE3A-655E-414F-9659-903BFC932DA7}.Debug|Any CPU.Build.0 = Debug|Any CPU
		{20F3DE3A-655E-414F-9659-903BFC932DA7}.Release|Any CPU.ActiveCfg = Release|Any CPU
		{20F3DE3A-655E-414F-9659-903BFC932DA7}.Release|Any CPU.Build.0 = Release|Any CPU
		{C58123A7-23A2-431F-9A57-59B03A1112CC}.Debug|Any CPU.ActiveCfg = Debug|Any CPU
		{C58123A7-23A2-431F-9A57-59B03A1112CC}.Debug|Any CPU.Build.0 = Debug|Any CPU
		{C58123A7-23A2-431F-9A57-59B03A1112CC}.Release|Any CPU.ActiveCfg = Release|Any CPU
		{C58123A7-23A2-431F-9A57-59B03A1112CC}.Release|Any CPU.Build.0 = Release|Any CPU
		{0ED660F8-9E01-405E-AE16-588F7D9399B4}.Debug|Any CPU.ActiveCfg = Debug|Any CPU
		{0ED660F8-9E01-405E-AE16-588F7D9399B4}.Debug|Any CPU.Build.0 = Debug|Any CPU
		{0ED660F8-9E01-405E-AE16-588F7D9399B4}.Release|Any CPU.ActiveCfg = Release|Any CPU
		{0ED660F8-9E01-405E-AE16-588F7D9399B4}.Release|Any CPU.Build.0 = Release|Any CPU
		{F6069C26-D021-41AE-ABF0-5D4F988630CB}.Debug|Any CPU.ActiveCfg = Debug|Any CPU
		{F6069C26-D021-41AE-ABF0-5D4F988630CB}.Debug|Any CPU.Build.0 = Debug|Any CPU
		{F6069C26-D021-41AE-ABF0-5D4F988630CB}.Release|Any CPU.ActiveCfg = Debug|Any CPU
		{F6069C26-D021-41AE-ABF0-5D4F988630CB}.Release|Any CPU.Build.0 = Debug|Any CPU
	EndGlobalSection
	GlobalSection(SolutionProperties) = preSolution
		HideSolutionNode = FALSE
	EndGlobalSection
	GlobalSection(NestedProjects) = preSolution
		{20F3DE3A-655E-414F-9659-903BFC932DA7} = {A9CDCA5F-3A4E-4E6D-A9CF-08E5FA210407}
		{C58123A7-23A2-431F-9A57-59B03A1112CC} = {EC5EC579-3DF9-49C2-AF3E-D618F902316A}
		{0ED660F8-9E01-405E-AE16-588F7D9399B4} = {19974D7E-447A-4989-AAD2-F65E1F12912B}
	EndGlobalSection
	GlobalSection(ExtensibilityGlobals) = postSolution
		SolutionGuid = {A6A82768-B024-4C79-B396-B1841464770D}
	EndGlobalSection
EndGlobal
